
Microsoft Visual Studio Solution File, Format Version 12.00
# Visual Studio Version 17
VisualStudioVersion = 17.11.35303.130
MinimumVisualStudioVersion = 10.0.40219.1
Project("{FAE04EC0-301F-11D3-BF4B-00C04F79EFBC}") = "CGVMovieWeb", "CGVMovieWeb\CGVMovieWeb.csproj", "{66945E2A-E491-488B-B342-BFB7B5EF9B0A}"
EndProject
Global
	GlobalSection(SolutionConfigurationPlatforms) = preSolution
		Debug|Any CPU = Debug|Any CPU
		Release|Any CPU = Release|Any CPU
	EndGlobalSection
	GlobalSection(ProjectConfigurationPlatforms) = postSolution
		{66945E2A-E491-488B-B342-BFB7B5EF9B0A}.Debug|Any CPU.ActiveCfg = Debug|Any CPU
		{66945E2A-E491-488B-B342-BFB7B5EF9B0A}.Debug|Any CPU.Build.0 = Debug|Any CPU
		{66945E2A-E491-488B-B342-BFB7B5EF9B0A}.Release|Any CPU.ActiveCfg = Release|Any CPU
		{66945E2A-E491-488B-B342-BFB7B5EF9B0A}.Release|Any CPU.Build.0 = Release|Any CPU
	EndGlobalSection
	GlobalSection(SolutionProperties) = preSolution
		HideSolutionNode = FALSE
	EndGlobalSection
	GlobalSection(ExtensibilityGlobals) = postSolution
		SolutionGuid = {2EF79833-570E-4F85-80DA-DC1E68EEE9D8}
	EndGlobalSection
EndGlobal
